PODS:
  - AFNetworking (4.0.1):
    - AFNetworking/NSURLSession (= 4.0.1)
    - AFNetworking/Reachability (= 4.0.1)
    - AFNetworking/Security (= 4.0.1)
    - AFNetworking/Serialization (= 4.0.1)
    - AFNetworking/UIKit (= 4.0.1)
  - AFNetworking/NSURLSession (4.0.1):
    - AFNetworking/Reachability
    - AFNetworking/Security
    - AFNetworking/Serialization
  - AFNetworking/Reachability (4.0.1)
  - AFNetworking/Security (4.0.1)
  - AFNetworking/Serialization (4.0.1)
  - AFNetworking/UIKit (4.0.1):
    - AFNetworking/NSURLSession
  - AgoraClassroomSDK (1.1.2):
    - AFNetworking (= 4.0.1)
    - AgoraClassroomSDK/All (= 1.1.2)
    - AgoraRtcEngine_Special_iOS (= 2.9.107.136)
    - AgoraRtm_iOS (= 1.4.1)
    - AliyunOSSiOS (= 2.10.8)
    - CocoaLumberjack (= 3.6.1)
    - Protobuf
    - Whiteboard (= 2.12.26)
  - AgoraClassroomSDK/All (1.1.2):
    - AFNetworking (= 4.0.1)
    - AgoraRtcEngine_Special_iOS (= 2.9.107.136)
    - AgoraRtm_iOS (= 1.4.1)
    - AliyunOSSiOS (= 2.10.8)
    - CocoaLumberjack (= 3.6.1)
    - Protobuf
    - Whiteboard (= 2.12.26)
  - AgoraRtcEngine_Special_iOS (2.9.107.136)
  - AgoraRtm_iOS (1.4.1)
  - AliyunOSSiOS (2.10.8)
  - BmobSDK (2.4.1)
  - CocoaLumberjack (3.6.1):
    - CocoaLumberjack/Core (= 3.6.1)
  - CocoaLumberjack/Core (3.6.1)
  - dsBridge (3.0.6)
  - HWDownSelectedView (1.0.1)
  - JXCategoryView (1.5.8)
  - JXPagingView/Pager (2.0.13)
  - LookinServer (1.0.0)
  - LxTabBarController (1.0.0)
  - Masonry (1.1.0)
  - MBProgressHUD (1.2.0)
  - Protobuf (3.17.0)
  - Whiteboard (2.12.26):
    - Whiteboard/Base (= 2.12.26)
    - Whiteboard/Converter (= 2.12.26)
    - Whiteboard/Model (= 2.12.26)
    - Whiteboard/NativeReplayer (= 2.12.26)
    - Whiteboard/Object (= 2.12.26)
    - Whiteboard/Replayer (= 2.12.26)
    - Whiteboard/Room (= 2.12.26)
  - Whiteboard/Base (2.12.26):
    - dsBridge (~> 3.0.2)
    - Whiteboard/Object
  - Whiteboard/Converter (2.12.26):
    - Whiteboard/Object
  - Whiteboard/Model (2.12.26):
    - YYModel (~> 1.0.4)
  - Whiteboard/NativeReplayer (2.12.26):
    - Whiteboard/Replayer
  - Whiteboard/Object (2.12.26):
    - Whiteboard/Model
  - Whiteboard/Replayer (2.12.26):
    - Whiteboard/Base
  - Whiteboard/Room (2.12.26):
    - Whiteboard/Base
  - YYKit (1.0.9):
    - YYKit/no-arc (= 1.0.9)
  - YYKit/no-arc (1.0.9)
  - YYModel (1.0.4)

DEPENDENCIES:
  - AFNetworking
  - AgoraClassroomSDK
  - BmobSDK
  - HWDownSelectedView
  - JXCategoryView
  - JXPagingView/Pager
  - LookinServer
  - LxTabBarController (~> 1.0.0)
  - Masonry
  - MBProgressHUD (~> 1.2.0)
  - YYKit
  - YYModel

SPEC REPOS:
  trunk:
    - AFNetworking
    - AgoraClassroomSDK
    - AgoraRtcEngine_Special_iOS
    - AgoraRtm_iOS
    - AliyunOSSiOS
    - BmobSDK
    - CocoaLumberjack
    - dsBridge
    - HWDownSelectedView
    - JXCategoryView
    - JXPagingView
    - LookinServer
    - LxTabBarController
    - Masonry
    - MBProgressHUD
    - Protobuf
    - Whiteboard
    - YYKit
    - YYModel

SPEC CHECKSUMS:
  AFNetworking: 7864c38297c79aaca1500c33288e429c3451fdce
  AgoraClassroomSDK: c90f60d87fd0341c2cf20edc904260096f0d8041
  AgoraRtcEngine_Special_iOS: aa7e013823edefd3b6c5d50f55ae8dcb07b20e63
  AgoraRtm_iOS: 3a5b675487b39e51f416e8c8a040f97f0aaad2c1
  AliyunOSSiOS: 8db92936545593b9e5c66d680ef2ac0738946651
  BmobSDK: 930525437e6602f7146108e11a9796604a1edbb9
  CocoaLumberjack: b17ae15142558d08bbacf69775fa10c4abbebcc9
  dsBridge: 48b62ee8a411ad601a88d6f6c8cf6cb634b206b7
  HWDownSelectedView: 950a2d2e5b0e5d9538b33873c3badf642e461b86
  JXCategoryView: 778a620f76070d6598fd8d7239991b8da8326170
  JXPagingView: 821ed274f09eaf2843a96c3a74e9d138e27d9730
  LookinServer: 0002891cd3cec5e082a910e897dfe71b4f06b89e
  LxTabBarController: 47773fa57189cb83835c119cc7a82c112565f33b
  Masonry: 678fab65091a9290e40e2832a55e7ab731aad201
  MBProgressHUD: 3ee5efcc380f6a79a7cc9b363dd669c5e1ae7406
  Protobuf: 7327d4444215b5f18e560a97f879ff5503c4581c
  Whiteboard: 458c79b91097d14159f9bf9c37a1148eb5496063
  YYKit: 7cda43304a8dc3696c449041e2cb3107b4e236e7
  YYModel: 2a7fdd96aaa4b86a824e26d0c517de8928c04b30

PODFILE CHECKSUM: d5d0380a1a8034e30805ba9e9dc77f7a8bb27a95

COCOAPODS: 1.10.1
